
Microsoft Visual Studio Solution File, Format Version 12.00
# Visual Studio Version 17
VisualStudioVersion = 17.5.002.0
MinimumVisualStudioVersion = 10.0.40219.1
Project("{9A19103F-16F7-4668-BE54-9A1E7A4F7556}") = "MultiLib.ContentAPI", "MultiLib.ContentAPI.csproj", "{E7EE0B95-17B5-40D4-8BD3-02A071B3E3D6}"
EndProject
Project("{9A19103F-16F7-4668-BE54-9A1E7A4F7556}") = "MultiLib.Core", "..\MultiLib.Core\MultiLib.Core.csproj", "{D16ACD7C-E30E-49B8-9AFB-B6FB4680402D}"
EndProject
Project("{9A19103F-16F7-4668-BE54-9A1E7A4F7556}") = "MultiLib.Auth", "..\MultiLib.Auth\MultiLib.Auth.csproj", "{DF1B66A6-26B7-4CF7-8B25-63B08ED4239F}"
EndProject
Project("{9A19103F-16F7-4668-BE54-9A1E7A4F7556}") = "MultiLib.TaskManagementAPI", "..\MultiLib.TaskManagementAPI\MultiLib.TaskManagementAPI.csproj", "{689E336A-0B24-4E1D-B6AA-DBE06DEF30AF}"
EndProject
Project("{FAE04EC0-301F-11D3-BF4B-00C04F79EFBC}") = "MultiLib.EcommerceAPI", "..\MultiLib.EcommerceAPI\MultiLib.EcommerceAPI.csproj", "{3AE38E54-05C8-4BE8-A6EF-EC144C47A988}"
EndProject
Global
	GlobalSection(SolutionConfigurationPlatforms) = preSolution
		Debug|Any CPU = Debug|Any CPU
		Release|Any CPU = Release|Any CPU
	EndGlobalSection
	GlobalSection(ProjectConfigurationPlatforms) = postSolution
		{E7EE0B95-17B5-40D4-8BD3-02A071B3E3D6}.Debug|Any CPU.ActiveCfg = Debug|Any CPU
		{E7EE0B95-17B5-40D4-8BD3-02A071B3E3D6}.Debug|Any CPU.Build.0 = Debug|Any CPU
		{E7EE0B95-17B5-40D4-8BD3-02A071B3E3D6}.Release|Any CPU.ActiveCfg = Release|Any CPU
		{E7EE0B95-17B5-40D4-8BD3-02A071B3E3D6}.Release|Any CPU.Build.0 = Release|Any CPU
		{D16ACD7C-E30E-49B8-9AFB-B6FB4680402D}.Debug|Any CPU.ActiveCfg = Debug|Any CPU
		{D16ACD7C-E30E-49B8-9AFB-B6FB4680402D}.Debug|Any CPU.Build.0 = Debug|Any CPU
		{D16ACD7C-E30E-49B8-9AFB-B6FB4680402D}.Release|Any CPU.ActiveCfg = Release|Any CPU
		{D16ACD7C-E30E-49B8-9AFB-B6FB4680402D}.Release|Any CPU.Build.0 = Release|Any CPU
		{DF1B66A6-26B7-4CF7-8B25-63B08ED4239F}.Debug|Any CPU.ActiveCfg = Debug|Any CPU
		{DF1B66A6-26B7-4CF7-8B25-63B08ED4239F}.Debug|Any CPU.Build.0 = Debug|Any CPU
		{DF1B66A6-26B7-4CF7-8B25-63B08ED4239F}.Release|Any CPU.ActiveCfg = Release|Any CPU
		{DF1B66A6-26B7-4CF7-8B25-63B08ED4239F}.Release|Any CPU.Build.0 = Release|Any CPU
		{689E336A-0B24-4E1D-B6AA-DBE06DEF30AF}.Debug|Any CPU.ActiveCfg = Debug|Any CPU
		{689E336A-0B24-4E1D-B6AA-DBE06DEF30AF}.Debug|Any CPU.Build.0 = Debug|Any CPU
		{689E336A-0B24-4E1D-B6AA-DBE06DEF30AF}.Release|Any CPU.ActiveCfg = Release|Any CPU
		{689E336A-0B24-4E1D-B6AA-DBE06DEF30AF}.Release|Any CPU.Build.0 = Release|Any CPU
		{3AE38E54-05C8-4BE8-A6EF-EC144C47A988}.Debug|Any CPU.ActiveCfg = Debug|Any CPU
		{3AE38E54-05C8-4BE8-A6EF-EC144C47A988}.Debug|Any CPU.Build.0 = Debug|Any CPU
		{3AE38E54-05C8-4BE8-A6EF-EC144C47A988}.Release|Any CPU.ActiveCfg = Release|Any CPU
		{3AE38E54-05C8-4BE8-A6EF-EC144C47A988}.Release|Any CPU.Build.0 = Release|Any CPU
	EndGlobalSection
	GlobalSection(SolutionProperties) = preSolution
		HideSolutionNode = FALSE
	EndGlobalSection
	GlobalSection(ExtensibilityGlobals) = postSolution
		SolutionGuid = {CF860AE5-8E4A-4C42-9759-7DB7B1F3A858}
	EndGlobalSection
EndGlobal
