
Microsoft Visual Studio Solution File, Format Version 12.00
# Visual Studio Version 17
VisualStudioVersion = 17.5.002.0
MinimumVisualStudioVersion = 10.0.40219.1
Project("{9A19103F-16F7-4668-BE54-9A1E7A4F7556}") = "MainService", "MainService.csproj", "{E7EE0B95-17B5-40D4-8BD3-02A071B3E3D6}"
EndProject
Project("{9A19103F-16F7-4668-BE54-9A1E7A4F7556}") = "ContentService", "..\ContentService\ContentService.csproj", "{DD5D6E69-E145-40FF-BFD3-FBBA1D0B6AE7}"
EndProject
Global
	GlobalSection(SolutionConfigurationPlatforms) = preSolution
		Debug|Any CPU = Debug|Any CPU
		Release|Any CPU = Release|Any CPU
	EndGlobalSection
	GlobalSection(ProjectConfigurationPlatforms) = postSolution
		{E7EE0B95-17B5-40D4-8BD3-02A071B3E3D6}.Debug|Any CPU.ActiveCfg = Debug|Any CPU
		{E7EE0B95-17B5-40D4-8BD3-02A071B3E3D6}.Debug|Any CPU.Build.0 = Debug|Any CPU
		{E7EE0B95-17B5-40D4-8BD3-02A071B3E3D6}.Release|Any CPU.ActiveCfg = Release|Any CPU
		{E7EE0B95-17B5-40D4-8BD3-02A071B3E3D6}.Release|Any CPU.Build.0 = Release|Any CPU
		{DD5D6E69-E145-40FF-BFD3-FBBA1D0B6AE7}.Debug|Any CPU.ActiveCfg = Debug|Any CPU
		{DD5D6E69-E145-40FF-BFD3-FBBA1D0B6AE7}.Debug|Any CPU.Build.0 = Debug|Any CPU
		{DD5D6E69-E145-40FF-BFD3-FBBA1D0B6AE7}.Release|Any CPU.ActiveCfg = Release|Any CPU
		{DD5D6E69-E145-40FF-BFD3-FBBA1D0B6AE7}.Release|Any CPU.Build.0 = Release|Any CPU
	EndGlobalSection
	GlobalSection(SolutionProperties) = preSolution
		HideSolutionNode = FALSE
	EndGlobalSection
	GlobalSection(ExtensibilityGlobals) = postSolution
		SolutionGuid = {CF860AE5-8E4A-4C42-9759-7DB7B1F3A858}
	EndGlobalSection
EndGlobal
